# This file was autogenerated by Stack.
# You should not edit this file by hand.
# For more information, please see the documentation at:
#   https://docs.haskellstack.org/en/stable/lock_files

packages:
- completed:
    hackage: brick-0.26@sha256:848e12b600821a419071f72629c41353075f94687c6a84c38735810261066486,11644
    pantry-tree:
      size: 3001
      sha256: 97430bf197b202170879803529dbabd35f7a9de2e1e29e1f2ee2072967964eab
  original:
    hackage: brick-0.26
- completed:
    hackage: word-wrap-0.4.1@sha256:f72233b383ef569c557bfd9812cbb8e306c415ce509082c0bd15ee51c0239ccc,1606
    pantry-tree:
      size: 423
      sha256: dcf5071895ee477e60e3c9de1e30eb711e11e9a7335db160616f80baeb20ad71
  original:
    hackage: word-wrap-0.4.1
snapshots:
- completed:
    size: 536352
    url: https://raw.githubusercontent.com/commercialhaskell/stackage-snapshots/master/lts/9/13.yaml
    sha256: cb48e4f7844523a43275dbf9d8c1ee5276b5cd50c3ced515e3913e6e923d5b48
  original: lts-9.13
